
Microsoft Visual Studio Solution File, Format Version 12.00
# Visual Studio 15
VisualStudioVersion = 15.0.28010.2046
MinimumVisualStudioVersion = 10.0.40219.1
Project("{FAE04EC0-301F-11D3-BF4B-00C04F79EFBC}") = "MvcMovie", "MvcMovie\MvcMovie.csproj", "{43AD4523-75C7-4F98-908A-4B6844029AB2}"
EndProject
Global
	GlobalSection(SolutionConfigurationPlatforms) = preSolution
		Debug|Any CPU = Debug|Any CPU
		Release|Any CPU = Release|Any CPU
	EndGlobalSection
	GlobalSection(ProjectConfigurationPlatforms) = postSolution
		{43AD4523-75C7-4F98-908A-4B6844029AB2}.Debug|Any CPU.ActiveCfg = Debug|Any CPU
		{43AD4523-75C7-4F98-908A-4B6844029AB2}.Debug|Any CPU.Build.0 = Debug|Any CPU
		{43AD4523-75C7-4F98-908A-4B6844029AB2}.Release|Any CPU.ActiveCfg = Release|Any CPU
		{43AD4523-75C7-4F98-908A-4B6844029AB2}.Release|Any CPU.Build.0 = Release|Any CPU
	EndGlobalSection
	GlobalSection(SolutionProperties) = preSolution
		HideSolutionNode = FALSE
	EndGlobalSection
	GlobalSection(ExtensibilityGlobals) = postSolution
		SolutionGuid = {4D821EB9-EBEB-4C1D-876B-07B65059074A}
	EndGlobalSection
EndGlobal
